// !$*UTF8*$!
{
	archiveVersion = 1;
	classes = {
	};
	objectVersion = 77;
	objects = {

/* Begin PBXContainerItemProxy section */
		C63B74472CAE5BAF00F0FFAE /* PBXContainerItemProxy */ = {
			isa = PBXContainerItemProxy;
			containerPortal = C63B74282CAE5BAC00F0FFAE /* Project object */;
			proxyType = 1;
			remoteGlobalIDString = C63B742F2CAE5BAC00F0FFAE;
			remoteInfo = GCRecord;
		};
		C63B74512CAE5BAF00F0FFAE /* PBXContainerItemProxy */ = {
			isa = PBXContainerItemProxy;
			containerPortal = C63B74282CAE5BAC00F0FFAE /* Project object */;
			proxyType = 1;
			remoteGlobalIDString = C63B742F2CAE5BAC00F0FFAE;
			remoteInfo = GCRecord;
		};
/* End PBXContainerItemProxy section */

/* Begin PBXFileReference section */
		C63B74302CAE5BAC00F0FFAE /* GCRecord.app */ = {isa = PBXFileReference; explicitFileType = wrapper.application; includeInIndex = 0; path = GCRecord.app; sourceTree = BUILT_PRODUCTS_DIR; };
		C63B74462CAE5BAF00F0FFAE /* GCRecordTests.xctest */ = {isa = PBXFileReference; explicitFileType = wrapper.cfbundle; includeInIndex = 0; path = GCRecordTests.xctest; sourceTree = BUILT_PRODUCTS_DIR; };
		C63B74502CAE5BAF00F0FFAE /* GCRecordUITests.xctest */ = {isa = PBXFileReference; explicitFileType = wrapper.cfbundle; includeInIndex = 0; path = GCRecordUITests.xctest; sourceTree = BUILT_PRODUCTS_DIR; };
/* End PBXFileReference section */

/* Begin PBXFileSystemSynchronizedBuildFileExceptionSet section */
		C63B74582CAE5BAF00F0FFAE /* Exceptions for "GCRecord" folder in "GCRecord" target */ = {
			isa = PBXFileSystemSynchronizedBuildFileExceptionSet;
			membershipExceptions = (
				Info.plist,
			);
			target = C63B742F2CAE5BAC00F0FFAE /* GCRecord */;
		};
/* End PBXFileSystemSynchronizedBuildFileExceptionSet section */

/* Begin PBXFileSystemSynchronizedRootGroup section */
		C63B74322CAE5BAC00F0FFAE /* GCRecord */ = {
			isa = PBXFileSystemSynchronizedRootGroup;
			exceptions = (
				C63B74582CAE5BAF00F0FFAE /* Exceptions for "GCRecord" folder in "GCRecord" target */,
			);
			path = GCRecord;
			sourceTree = "<group>";
		};
		C63B74492CAE5BAF00F0FFAE /* GCRecordTests */ = {
			isa = PBXFileSystemSynchronizedRootGroup;
			path = GCRecordTests;
			sourceTree = "<group>";
		};
		C63B74532CAE5BAF00F0FFAE /* GCRecordUITests */ = {
			isa = PBXFileSystemSynchronizedRootGroup;
			path = GCRecordUITests;
			sourceTree = "<group>";
		};
/* End PBXFileSystemSynchronizedRootGroup section */

/* Begin PBXFrameworksBuildPhase section */
		C63B742D2CAE5BAC00F0FFAE /* Frameworks */ = {
			isa = PBXFrameworksBuildPhase;
			buildActionMask = 2147483647;
			files = (
			);
			runOnlyForDeploymentPostprocessing = 0;
		};
		C63B74432CAE5BAF00F0FFAE /* Frameworks */ = {
			isa = PBXFrameworksBuildPhase;
			buildActionMask = 2147483647;
			files = (
			);
			runOnlyForDeploymentPostprocessing = 0;
		};
		C63B744D2CAE5BAF00F0FFAE /* Frameworks */ = {
			isa = PBXFrameworksBuildPhase;
			buildActionMask = 2147483647;
			files = (
			);
			runOnlyForDeploymentPostprocessing = 0;
		};
/* End PBXFrameworksBuildPhase section */

/* Begin PBXGroup section */
		C63B74272CAE5BAC00F0FFAE = {
			isa = PBXGroup;
			children = (
				C63B74322CAE5BAC00F0FFAE /* GCRecord */,
				C63B74492CAE5BAF00F0FFAE /* GCRecordTests */,
				C63B74532CAE5BAF00F0FFAE /* GCRecordUITests */,
				C63B74312CAE5BAC00F0FFAE /* Products */,
			);
			sourceTree = "<group>";
		};
		C63B74312CAE5BAC00F0FFAE /* Products */ = {
			isa = PBXGroup;
			children = (
				C63B74302CAE5BAC00F0FFAE /* GCRecord.app */,
				C63B74462CAE5BAF00F0FFAE /* GCRecordTests.xctest */,
				C63B74502CAE5BAF00F0FFAE /* GCRecordUITests.xctest */,
			);
			name = Products;
			sourceTree = "<group>";
		};
/* End PBXGroup section */

/* Begin PBXNativeTarget section */
		C63B742F2CAE5BAC00F0FFAE /* GCRecord */ = {
			isa = PBXNativeTarget;
			buildConfigurationList = C63B74592CAE5BAF00F0FFAE /* Build configuration list for PBXNativeTarget "GCRecord" */;
			buildPhases = (
				C63B742C2CAE5BAC00F0FFAE /* Sources */,
				C63B742D2CAE5BAC00F0FFAE /* Frameworks */,
				C63B742E2CAE5BAC00F0FFAE /* Resources */,
			);
			buildRules = (
			);
			dependencies = (
			);
			fileSystemSynchronizedGroups = (
				C63B74322CAE5BAC00F0FFAE /* GCRecord */,
			);
			name = GCRecord;
			packageProductDependencies = (
			);
			productName = GCRecord;
			productReference = C63B74302CAE5BAC00F0FFAE /* GCRecord.app */;
			productType = "com.apple.product-type.application";
		};
		C63B74452CAE5BAF00F0FFAE /* GCRecordTests */ = {
			isa = PBXNativeTarget;
			buildConfigurationList = C63B745E2CAE5BAF00F0FFAE /* Build configuration list for PBXNativeTarget "GCRecordTests" */;
			buildPhases = (
				C63B74422CAE5BAF00F0FFAE /* Sources */,
				C63B74432CAE5BAF00F0FFAE /* Frameworks */,
				C63B74442CAE5BAF00F0FFAE /* Resources */,
			);
			buildRules = (
			);
			dependencies = (
				C63B74482CAE5BAF00F0FFAE /* PBXTargetDependency */,
			);
			fileSystemSynchronizedGroups = (
				C63B74492CAE5BAF00F0FFAE /* GCRecordTests */,
			);
			name = GCRecordTests;
			packageProductDependencies = (
			);
			productName = GCRecordTests;
			productReference = C63B74462CAE5BAF00F0FFAE /* GCRecordTests.xctest */;
			productType = "com.apple.product-type.bundle.unit-test";
		};
		C63B744F2CAE5BAF00F0FFAE /* GCRecordUITests */ = {
			isa = PBXNativeTarget;
			buildConfigurationList = C63B74612CAE5BAF00F0FFAE /* Build configuration list for PBXNativeTarget "GCRecordUITests" */;
			buildPhases = (
				C63B744C2CAE5BAF00F0FFAE /* Sources */,
				C63B744D2CAE5BAF00F0FFAE /* Frameworks */,
				C63B744E2CAE5BAF00F0FFAE /* Resources */,
			);
			buildRules = (
			);
			dependencies = (
				C63B74522CAE5BAF00F0FFAE /* PBXTargetDependency */,
			);
			fileSystemSynchronizedGroups = (
				C63B74532CAE5BAF00F0FFAE /* GCRecordUITests */,
			);
			name = GCRecordUITests;
			packageProductDependencies = (
			);
			productName = GCRecordUITests;
			productReference = C63B74502CAE5BAF00F0FFAE /* GCRecordUITests.xctest */;
			productType = "com.apple.product-type.bundle.ui-testing";
		};
/* End PBXNativeTarget section */

/* Begin PBXProject section */
		C63B74282CAE5BAC00F0FFAE /* Project object */ = {
			isa = PBXProject;
			attributes = {
				BuildIndependentTargetsInParallel = 1;
				LastSwiftUpdateCheck = 1600;
				LastUpgradeCheck = 1600;
				TargetAttributes = {
					C63B742F2CAE5BAC00F0FFAE = {
						CreatedOnToolsVersion = 16.0;
					};
					C63B74452CAE5BAF00F0FFAE = {
						CreatedOnToolsVersion = 16.0;
						TestTargetID = C63B742F2CAE5BAC00F0FFAE;
					};
					C63B744F2CAE5BAF00F0FFAE = {
						CreatedOnToolsVersion = 16.0;
						TestTargetID = C63B742F2CAE5BAC00F0FFAE;
					};
				};
			};
			buildConfigurationList = C63B742B2CAE5BAC00F0FFAE /* Build configuration list for PBXProject "GCRecord" */;
			developmentRegion = en;
			hasScannedForEncodings = 0;
			knownRegions = (
				en,
				Base,
			);
			mainGroup = C63B74272CAE5BAC00F0FFAE;
			minimizedProjectReferenceProxies = 1;
			preferredProjectObjectVersion = 77;
			productRefGroup = C63B74312CAE5BAC00F0FFAE /* Products */;
			projectDirPath = "";
			projectRoot = "";
			targets = (
				C63B742F2CAE5BAC00F0FFAE /* GCRecord */,
				C63B74452CAE5BAF00F0FFAE /* GCRecordTests */,
				C63B744F2CAE5BAF00F0FFAE /* GCRecordUITests */,
			);
		};
/* End PBXProject section */

/* Begin PBXResourcesBuildPhase section */
		C63B742E2CAE5BAC00F0FFAE /* Resources */ = {
			isa = PBXResourcesBuildPhase;
			buildActionMask = 2147483647;
			files = (
			);
			runOnlyForDeploymentPostprocessing = 0;
		};
		C63B74442CAE5BAF00F0FFAE /* Resources */ = {
			isa = PBXResourcesBuildPhase;
			buildActionMask = 2147483647;
			files = (
			);
			runOnlyForDeploymentPostprocessing = 0;
		};
		C63B744E2CAE5BAF00F0FFAE /* Resources */ = {
			isa = PBXResourcesBuildPhase;
			buildActionMask = 2147483647;
			files = (
			);
			runOnlyForDeploymentPostprocessing = 0;
		};
/* End PBXResourcesBuildPhase section */

/* Begin PBXSourcesBuildPhase section */
		C63B742C2CAE5BAC00F0FFAE /* Sources */ = {
			isa = PBXSourcesBuildPhase;
			buildActionMask = 2147483647;
			files = (
			);
			runOnlyForDeploymentPostprocessing = 0;
		};
		C63B74422CAE5BAF00F0FFAE /* Sources */ = {
			isa = PBXSourcesBuildPhase;
			buildActionMask = 2147483647;
			files = (
			);
			runOnlyForDeploymentPostprocessing = 0;
		};
		C63B744C2CAE5BAF00F0FFAE /* Sources */ = {
			isa = PBXSourcesBuildPhase;
			buildActionMask = 2147483647;
			files = (
			);
			runOnlyForDeploymentPostprocessing = 0;
		};
/* End PBXSourcesBuildPhase section */

/* Begin PBXTargetDependency section */
		C63B74482CAE5BAF00F0FFAE /* PBXTargetDependency */ = {
			isa = PBXTargetDependency;
			target = C63B742F2CAE5BAC00F0FFAE /* GCRecord */;
			targetProxy = C63B74472CAE5BAF00F0FFAE /* PBXContainerItemProxy */;
		};
		C63B74522CAE5BAF00F0FFAE /* PBXTargetDependency */ = {
			isa = PBXTargetDependency;
			target = C63B742F2CAE5BAC00F0FFAE /* GCRecord */;
			targetProxy = C63B74512CAE5BAF00F0FFAE /* PBXContainerItemProxy */;
		};
/* End PBXTargetDependency section */

/* Begin XCBuildConfiguration section */
		C63B745A2CAE5BAF00F0FFAE /* Debug */ = {
			isa = XCBuildConfiguration;
			buildSettings = {
				ASSETCATALOG_COMPILER_APPICON_NAME = AppIcon;
				ASSETCATALOG_COMPILER_GLOBAL_ACCENT_COLOR_NAME = AccentColor;
				CODE_SIGN_STYLE = Automatic;
				CURRENT_PROJECT_VERSION = 1;
				DEVELOPMENT_TEAM = N7U42247WV;
				GENERATE_INFOPLIST_FILE = YES;
				INFOPLIST_FILE = GCRecord/Info.plist;
				INFOPLIST_KEY_NSMicrophoneUsageDescription = "Use mic to record";
				INFOPLIST_KEY_UIApplicationSupportsIndirectInputEvents = YES;
				INFOPLIST_KEY_UILaunchStoryboardName = LaunchScreen;
				INFOPLIST_KEY_UIMainStoryboardFile = Main;
				INFOPLIST_KEY_UISupportedInterfaceOrientations_iPad = "UIInterfaceOrientationPortrait UIInterfaceOrientationPortraitUpsideDown UIInterfaceOrientationLandscapeLeft UIInterfaceOrientationLandscapeRight";
				INFOPLIST_KEY_UISupportedInterfaceOrientations_iPhone = "UIInterfaceOrientationPortrait UIInterfaceOrientationLandscapeLeft UIInterfaceOrientationLandscapeRight";
				LD_RUNPATH_SEARCH_PATHS = (
					"$(inherited)",
					"@executable_path/Frameworks",
				);
				MARKETING_VERSION = 1.0;
				PRODUCT_BUNDLE_IDENTIFIER = net.goodcycle.GCRecordData;
				PRODUCT_NAME = "$(TARGET_NAME)";
				SWIFT_EMIT_LOC_STRINGS = YES;
				SWIFT_VERSION = 5.0;
				TARGETED_DEVICE_FAMILY = "1,2";
			};
			name = Debug;
		};
		C63B745B2CAE5BAF00F0FFAE /* Release */ = {
			isa = XCBuildConfiguration;
			buildSettings = {
				ASSETCATALOG_COMPILER_APPICON_NAME = AppIcon;
				ASSETCATALOG_COMPILER_GLOBAL_ACCENT_COLOR_NAME = AccentColor;
				CODE_SIGN_STYLE = Automatic;
				CURRENT_PROJECT_VERSION = 1;
				DEVELOPMENT_TEAM = N7U42247WV;
				GENERATE_INFOPLIST_FILE = YES;
				INFOPLIST_FILE = GCRecord/Info.plist;
				INFOPLIST_KEY_NSMicrophoneUsageDescription = "Use mic to record";
				INFOPLIST_KEY_UIApplicationSupportsIndirectInputEvents = YES;
				INFOPLIST_KEY_UILaunchStoryboardName = LaunchScreen;
				INFOPLIST_KEY_UIMainStoryboardFile = Main;
				INFOPLIST_KEY_UISupportedInterfaceOrientations_iPad = "UIInterfaceOrientationPortrait UIInterfaceOrientationPortraitUpsideDown UIInterfaceOrientationLandscapeLeft UIInterfaceOrientationLandscapeRight";
				INFOPLIST_KEY_UISupportedInterfaceOrientations_iPhone = "UIInterfaceOrientationPortrait UIInterfaceOrientationLandscapeLeft UIInterfaceOrientationLandscapeRight";
				LD_RUNPATH_SEARCH_PATHS = (
					"$(inherited)",
					"@executable_path/Frameworks",
				);
				MARKETING_VERSION = 1.0;
				PRODUCT_BUNDLE_IDENTIFIER = net.goodcycle.GCRecordData;
				PRODUCT_NAME = "$(TARGET_NAME)";
				SWIFT_EMIT_LOC_STRINGS = YES;
				SWIFT_VERSION = 5.0;
				TARGETED_DEVICE_FAMILY = "1,2";
			};
			name = Release;
		};
		C63B745C2CAE5BAF00F0FFAE /* Debug */ = {
			isa = XCBuildConfiguration;
			buildSettings = {
				ALWAYS_SEARCH_USER_PATHS = NO;
				ASSETCATALOG_COMPILER_GENERATE_SWIFT_ASSET_SYMBOL_EXTENSIONS = YES;
				CLANG_ANALYZER_NONNULL = YES;
				CLANG_ANALYZER_NUMBER_OBJECT_CONVERSION = YES_AGGRESSIVE;
				CLANG_CXX_LANGUAGE_STANDARD = "gnu++20";
				CLANG_ENABLE_MODULES = YES;
				CLANG_ENABLE_OBJC_ARC = YES;
				CLANG_ENABLE_OBJC_WEAK = YES;
				CLANG_WARN_BLOCK_CAPTURE_AUTORELEASING = YES;
				CLANG_WARN_BOOL_CONVERSION = YES;
				CLANG_WARN_COMMA = YES;
				CLANG_WARN_CONSTANT_CONVERSION = YES;
				CLANG_WARN_DEPRECATED_OBJC_IMPLEMENTATIONS = YES;
				CLANG_WARN_DIRECT_OBJC_ISA_USAGE = YES_ERROR;
				CLANG_WARN_DOCUMENTATION_COMMENTS = YES;
				CLANG_WARN_EMPTY_BODY = YES;
				CLANG_WARN_ENUM_CONVERSION = YES;
				CLANG_WARN_INFINITE_RECURSION = YES;
				CLANG_WARN_INT_CONVERSION = YES;
				CLANG_WARN_NON_LITERAL_NULL_CONVERSION = YES;
				CLANG_WARN_OBJC_IMPLICIT_RETAIN_SELF = YES;
				CLANG_WARN_OBJC_LITERAL_CONVERSION = YES;
				CLANG_WARN_OBJC_ROOT_CLASS = YES_ERROR;
				CLANG_WARN_QUOTED_INCLUDE_IN_FRAMEWORK_HEADER = YES;
				CLANG_WARN_RANGE_LOOP_ANALYSIS = YES;
				CLANG_WARN_STRICT_PROTOTYPES = YES;
				CLANG_WARN_SUSPICIOUS_MOVE = YES;
				CLANG_WARN_UNGUARDED_AVAILABILITY = YES_AGGRESSIVE;
				CLANG_WARN_UNREACHABLE_CODE = YES;
				CLANG_WARN__DUPLICATE_METHOD_MATCH = YES;
				COPY_PHASE_STRIP = NO;
				DEBUG_INFORMATION_FORMAT = dwarf;
				ENABLE_STRICT_OBJC_MSGSEND = YES;
				ENABLE_TESTABILITY = YES;
				ENABLE_USER_SCRIPT_SANDBOXING = YES;
				GCC_C_LANGUAGE_STANDARD = gnu17;
				GCC_DYNAMIC_NO_PIC = NO;
				GCC_NO_COMMON_BLOCKS = YES;
				GCC_OPTIMIZATION_LEVEL = 0;
				GCC_PREPROCESSOR_DEFINITIONS = (
					"DEBUG=1",
					"$(inherited)",
				);
				GCC_WARN_64_TO_32_BIT_CONVERSION = YES;
				GCC_WARN_ABOUT_RETURN_TYPE = YES_ERROR;
				GCC_WARN_UNDECLARED_SELECTOR = YES;
				GCC_WARN_UNINITIALIZED_AUTOS = YES_AGGRESSIVE;
				GCC_WARN_UNUSED_FUNCTION = YES;
				GCC_WARN_UNUSED_VARIABLE = YES;
				IPHONEOS_DEPLOYMENT_TARGET = 18.0;
				LOCALIZATION_PREFERS_STRING_CATALOGS = YES;
				MTL_ENABLE_DEBUG_INFO = INCLUDE_SOURCE;
				MTL_FAST_MATH = YES;
				ONLY_ACTIVE_ARCH = YES;
				SDKROOT = iphoneos;
				SWIFT_ACTIVE_COMPILATION_CONDITIONS = "DEBUG $(inherited)";
				SWIFT_OPTIMIZATION_LEVEL = "-Onone";
			};
			name = Debug;
		};
		C63B745D2CAE5BAF00F0FFAE /* Release */ = {
			isa = XCBuildConfiguration;
			buildSettings = {
				ALWAYS_SEARCH_USER_PATHS = NO;
				ASSETCATALOG_COMPILER_GENERATE_SWIFT_ASSET_SYMBOL_EXTENSIONS = YES;
				CLANG_ANALYZER_NONNULL = YES;
				CLANG_ANALYZER_NUMBER_OBJECT_CONVERSION = YES_AGGRESSIVE;
				CLANG_CXX_LANGUAGE_STANDARD = "gnu++20";
				CLANG_ENABLE_MODULES = YES;
				CLANG_ENABLE_OBJC_ARC = YES;
				CLANG_ENABLE_OBJC_WEAK = YES;
				CLANG_WARN_BLOCK_CAPTURE_AUTORELEASING = YES;
				CLANG_WARN_BOOL_CONVERSION = YES;
				CLANG_WARN_COMMA = YES;
				CLANG_WARN_CONSTANT_CONVERSION = YES;
				CLANG_WARN_DEPRECATED_OBJC_IMPLEMENTATIONS = YES;
				CLANG_WARN_DIRECT_OBJC_ISA_USAGE = YES_ERROR;
				CLANG_WARN_DOCUMENTATION_COMMENTS = YES;
				CLANG_WARN_EMPTY_BODY = YES;
				CLANG_WARN_ENUM_CONVERSION = YES;
				CLANG_WARN_INFINITE_RECURSION = YES;
				CLANG_WARN_INT_CONVERSION = YES;
				CLANG_WARN_NON_LITERAL_NULL_CONVERSION = YES;
				CLANG_WARN_OBJC_IMPLICIT_RETAIN_SELF = YES;
				CLANG_WARN_OBJC_LITERAL_CONVERSION = YES;
				CLANG_WARN_OBJC_ROOT_CLASS = YES_ERROR;
				CLANG_WARN_QUOTED_INCLUDE_IN_FRAMEWORK_HEADER = YES;
				CLANG_WARN_RANGE_LOOP_ANALYSIS = YES;
				CLANG_WARN_STRICT_PROTOTYPES = YES;
				CLANG_WARN_SUSPICIOUS_MOVE = YES;
				CLANG_WARN_UNGUARDED_AVAILABILITY = YES_AGGRESSIVE;
				CLANG_WARN_UNREACHABLE_CODE = YES;
				CLANG_WARN__DUPLICATE_METHOD_MATCH = YES;
				COPY_PHASE_STRIP = NO;
				DEBUG_INFORMATION_FORMAT = "dwarf-with-dsym";
				ENABLE_NS_ASSERTIONS = NO;
				ENABLE_STRICT_OBJC_MSGSEND = YES;
				ENABLE_USER_SCRIPT_SANDBOXING = YES;
				GCC_C_LANGUAGE_STANDARD = gnu17;
				GCC_NO_COMMON_BLOCKS = YES;
				GCC_WARN_64_TO_32_BIT_CONVERSION = YES;
				GCC_WARN_ABOUT_RETURN_TYPE = YES_ERROR;
				GCC_WARN_UNDECLARED_SELECTOR = YES;
				GCC_WARN_UNINITIALIZED_AUTOS = YES_AGGRESSIVE;
				GCC_WARN_UNUSED_FUNCTION = YES;
				GCC_WARN_UNUSED_VARIABLE = YES;
				IPHONEOS_DEPLOYMENT_TARGET = 18.0;
				LOCALIZATION_PREFERS_STRING_CATALOGS = YES;
				MTL_ENABLE_DEBUG_INFO = NO;
				MTL_FAST_MATH = YES;
				SDKROOT = iphoneos;
				SWIFT_COMPILATION_MODE = wholemodule;
				VALIDATE_PRODUCT = YES;
			};
			name = Release;
		};
		C63B745F2CAE5BAF00F0FFAE /* Debug */ = {
			isa = XCBuildConfiguration;
			buildSettings = {
				BUNDLE_LOADER = "$(TEST_HOST)";
				CODE_SIGN_STYLE = Automatic;
				CURRENT_PROJECT_VERSION = 1;
				GENERATE_INFOPLIST_FILE = YES;
				IPHONEOS_DEPLOYMENT_TARGET = 18.0;
				MARKETING_VERSION = 1.0;
				PRODUCT_BUNDLE_IDENTIFIER = net.goodcycle.GCRecordTests;
				PRODUCT_NAME = "$(TARGET_NAME)";
				SWIFT_EMIT_LOC_STRINGS = NO;
				SWIFT_VERSION = 5.0;
				TARGETED_DEVICE_FAMILY = "1,2";
				TEST_HOST = "$(BUILT_PRODUCTS_DIR)/GCRecord.app/$(BUNDLE_EXECUTABLE_FOLDER_PATH)/GCRecord";
			};
			name = Debug;
		};
		C63B74602CAE5BAF00F0FFAE /* Release */ = {
			isa = XCBuildConfiguration;
			buildSettings = {
				BUNDLE_LOADER = "$(TEST_HOST)";
				CODE_SIGN_STYLE = Automatic;
				CURRENT_PROJECT_VERSION = 1;
				GENERATE_INFOPLIST_FILE = YES;
				IPHONEOS_DEPLOYMENT_TARGET = 18.0;
				MARKETING_VERSION = 1.0;
				PRODUCT_BUNDLE_IDENTIFIER = net.goodcycle.GCRecordTests;
				PRODUCT_NAME = "$(TARGET_NAME)";
				SWIFT_EMIT_LOC_STRINGS = NO;
				SWIFT_VERSION = 5.0;
				TARGETED_DEVICE_FAMILY = "1,2";
				TEST_HOST = "$(BUILT_PRODUCTS_DIR)/GCRecord.app/$(BUNDLE_EXECUTABLE_FOLDER_PATH)/GCRecord";
			};
			name = Release;
		};
		C63B74622CAE5BAF00F0FFAE /* Debug */ = {
			isa = XCBuildConfiguration;
			buildSettings = {
				CODE_SIGN_STYLE = Automatic;
				CURRENT_PROJECT_VERSION = 1;
				GENERATE_INFOPLIST_FILE = YES;
				MARKETING_VERSION = 1.0;
				PRODUCT_BUNDLE_IDENTIFIER = net.goodcycle.GCRecordUITests;
				PRODUCT_NAME = "$(TARGET_NAME)";
				SWIFT_EMIT_LOC_STRINGS = NO;
				SWIFT_VERSION = 5.0;
				TARGETED_DEVICE_FAMILY = "1,2";
				TEST_TARGET_NAME = GCRecord;
			};
			name = Debug;
		};
		C63B74632CAE5BAF00F0FFAE /* Release */ = {
			isa = XCBuildConfiguration;
			buildSettings = {
				CODE_SIGN_STYLE = Automatic;
				CURRENT_PROJECT_VERSION = 1;
				GENERATE_INFOPLIST_FILE = YES;
				MARKETING_VERSION = 1.0;
				PRODUCT_BUNDLE_IDENTIFIER = net.goodcycle.GCRecordUITests;
				PRODUCT_NAME = "$(TARGET_NAME)";
				SWIFT_EMIT_LOC_STRINGS = NO;
				SWIFT_VERSION = 5.0;
				TARGETED_DEVICE_FAMILY = "1,2";
				TEST_TARGET_NAME = GCRecord;
			};
			name = Release;
		};
/* End XCBuildConfiguration section */

/* Begin XCConfigurationList section */
		C63B742B2CAE5BAC00F0FFAE /* Build configuration list for PBXProject "GCRecord" */ = {
			isa = XCConfigurationList;
			buildConfigurations = (
				C63B745C2CAE5BAF00F0FFAE /* Debug */,
				C63B745D2CAE5BAF00F0FFAE /* Release */,
			);
			defaultConfigurationIsVisible = 0;
			defaultConfigurationName = Release;
		};
		C63B74592CAE5BAF00F0FFAE /* Build configuration list for PBXNativeTarget "GCRecord" */ = {
			isa = XCConfigurationList;
			buildConfigurations = (
				C63B745A2CAE5BAF00F0FFAE /* Debug */,
				C63B745B2CAE5BAF00F0FFAE /* Release */,
			);
			defaultConfigurationIsVisible = 0;
			defaultConfigurationName = Release;
		};
		C63B745E2CAE5BAF00F0FFAE /* Build configuration list for PBXNativeTarget "GCRecordTests" */ = {
			isa = XCConfigurationList;
			buildConfigurations = (
				C63B745F2CAE5BAF00F0FFAE /* Debug */,
				C63B74602CAE5BAF00F0FFAE /* Release */,
			);
			defaultConfigurationIsVisible = 0;
			defaultConfigurationName = Release;
		};
		C63B74612CAE5BAF00F0FFAE /* Build configuration list for PBXNativeTarget "GCRecordUITests" */ = {
			isa = XCConfigurationList;
			buildConfigurations = (
				C63B74622CAE5BAF00F0FFAE /* Debug */,
				C63B74632CAE5BAF00F0FFAE /* Release */,
			);
			defaultConfigurationIsVisible = 0;
			defaultConfigurationName = Release;
		};
/* End XCConfigurationList section */
	};
	rootObject = C63B74282CAE5BAC00F0FFAE /* Project object */;
}
